<?xml version="1.0" encoding="utf-8"?>
<Project ToolsVersion="4.0" xmlns="http://schemas.microsoft.com/developer/msbuild/2003">
  <ItemGroup>
    <Filter Include="Source Files">
      <UniqueIdentifier>{4FC737F1-C7A5-4376-A066-2A32D752A2FF}</UniqueIdentifier>
      <Extensions>cpp;c;cc;cxx;def;odl;idl;hpj;bat;asm;asmx</Extensions>
    </Filter>
    <Filter Include="Header Files">
      <UniqueIdentifier>{93995380-89BD-4b04-88EB-625FBE52EBFB}</UniqueIdentifier>
      <Extensions>h;hh;hpp;hxx;hm;inl;inc;ipp;xsd</Extensions>
    </Filter>
    <Filter Include="Resource Files">
      <UniqueIdentifier>{67DA6AB6-F800-4c08-8B7A-83BB121AAD01}</UniqueIdentifier>
      <Extensions>rc;ico;cur;bmp;dlg;rc2;rct;bin;rgs;gif;jpg;jpeg;jpe;resx;tiff;tif;png;wav;mfcribbon-ms</Extensions>
    </Filter>
    <Filter Include="Header Files\Engine">
      <UniqueIdentifier>{64239f0e-f1e5-4f78-ab03-c5768ac7bdcd}</UniqueIdentifier>
    </Filter>
    <Filter Include="Header Files\System">
      <UniqueIdentifier>{3b929a87-3de3-4d29-9877-8d055ab2b8eb}</UniqueIdentifier>
    </Filter>
    <Filter Include="Header Files\System\Tools">
      <UniqueIdentifier>{56d462d0-03a2-40e8-a568-e199421d91b6}</UniqueIdentifier>
    </Filter>
    <Filter Include="Header Files\System\Components">
      <UniqueIdentifier>{f22430ed-e683-4dac-a1f0-3adcb1a0a72d}</UniqueIdentifier>
    </Filter>
    <Filter Include="Source Files\Engine">
      <UniqueIdentifier>{3ca8c93a-c634-4dc4-a4e9-9555ed26e4e1}</UniqueIdentifier>
    </Filter>
    <Filter Include="Header Files\System\Managers">
      <UniqueIdentifier>{9c217c26-3750-443b-8782-6308a2fb00b4}</UniqueIdentifier>
    </Filter>
    <Filter Include="Header Files\System\Managers\InputManager">
      <UniqueIdentifier>{cb24a881-49ac-46ff-9316-f9bf1163e17a}</UniqueIdentifier>
    </Filter>
    <Filter Include="Header Files\System\Managers\DrawManager">
      <UniqueIdentifier>{5b5f1d19-f1e3-4e5f-acfc-b8c1d13e4e45}</UniqueIdentifier>
    </Filter>
    <Filter Include="Header Files\System\Managers\AudioManager">
      <UniqueIdentifier>{49840d48-afb2-4bf1-b60a-6c33f8977e91}</UniqueIdentifier>
    </Filter>
    <Filter Include="Header Files\System\Managers\TextManager">
      <UniqueIdentifier>{be6f4ba5-01ef-4bc9-8a77-20ec3257872d}</UniqueIdentifier>
    </Filter>
    <Filter Include="Header Files\System\Managers\CollisionManager">
      <UniqueIdentifier>{b1dfe7a1-22fe-4e4f-be04-07cda3975ee0}</UniqueIdentifier>
    </Filter>
    <Filter Include="Source Files\System">
      <UniqueIdentifier>{2a437657-231b-49ab-98da-c22b95fa3047}</UniqueIdentifier>
    </Filter>
    <Filter Include="Source Files\System\Managers">
      <UniqueIdentifier>{82ab1c81-b693-4478-9b07-d5841841e40a}</UniqueIdentifier>
    </Filter>
    <Filter Include="Source Files\System\Managers\InputManager">
      <UniqueIdentifier>{61a05fbc-7b48-4762-a371-b1a85ae54ccf}</UniqueIdentifier>
    </Filter>
    <Filter Include="Source Files\System\Managers\DrawManager">
      <UniqueIdentifier>{daa9ad6b-bf55-4b07-afeb-01d5508c6484}</UniqueIdentifier>
    </Filter>
    <Filter Include="Source Files\System\Managers\AudioManager">
      <UniqueIdentifier>{e04d76be-5b1b-4548-95c6-b025c6719b1d}</UniqueIdentifier>
    </Filter>
    <Filter Include="Source Files\System\Managers\TextManager">
      <UniqueIdentifier>{9a63fb7e-342f-49ca-8f72-35ebf0cbb261}</UniqueIdentifier>
    </Filter>
    <Filter Include="Source Files\System\Managers\CollisionManager">
      <UniqueIdentifier>{dbecded5-e757-4ea2-84ef-1780dcfedef9}</UniqueIdentifier>
    </Filter>
    <Filter Include="Source Files\System\Tools">
      <UniqueIdentifier>{5fbdf849-ca5e-4a92-b313-c6205e2c76f0}</UniqueIdentifier>
    </Filter>
    <Filter Include="Source Files\System\Components">
      <UniqueIdentifier>{a7d2df53-ab59-43ed-9e28-f1fe59872b3a}</UniqueIdentifier>
    </Filter>
    <Filter Include="Header Files\System\Objects">
      <UniqueIdentifier>{62029910-237d-4e34-8793-e7bee2c874b8}</UniqueIdentifier>
    </Filter>
    <Filter Include="Source Files\System\Objects">
      <UniqueIdentifier>{c9268d36-b0f7-40cd-8064-3c7d9f354978}</UniqueIdentifier>
    </Filter>
    <Filter Include="Header Files\System\Managers\FactoryManager">
      <UniqueIdentifier>{d311c0cf-940a-4527-a798-2f31f7602470}</UniqueIdentifier>
    </Filter>
    <Filter Include="Source Files\System\Managers\FactoryManager">
      <UniqueIdentifier>{1ca5702e-5d66-4bf4-a92b-12c3484a2cec}</UniqueIdentifier>
    </Filter>
    <Filter Include="Header Files\System\Managers\UIManager">
      <UniqueIdentifier>{1d1fa538-2989-4040-9a1a-70ac3a35ccd2}</UniqueIdentifier>
    </Filter>
    <Filter Include="Header Files\System\Managers\UIManager\UIComponents">
      <UniqueIdentifier>{5ea22665-7ea8-4c6a-bbf8-4d68724f25c8}</UniqueIdentifier>
    </Filter>
    <Filter Include="Source Files\System\Managers\UIManager">
      <UniqueIdentifier>{c712dfc7-734c-47e9-a5c7-ca35465bba6e}</UniqueIdentifier>
    </Filter>
    <Filter Include="Source Files\System\Managers\UIManager\UIComponents">
      <UniqueIdentifier>{8eeea3f9-11b6-428a-84f1-893f603594b3}</UniqueIdentifier>
    </Filter>
    <Filter Include="Header Files\System\Managers\StateManager">
      <UniqueIdentifier>{bcea5137-fa85-4d12-bb83-72de421644c2}</UniqueIdentifier>
    </Filter>
    <Filter Include="Source Files\System\Managers\StateManager">
      <UniqueIdentifier>{4ba8f232-8362-4af8-acd2-a6acf70c068b}</UniqueIdentifier>
    </Filter>
  </ItemGroup>
  <ItemGroup>
    <ClCompile Include="EngineEntry.h">
      <Filter>Header Files\Engine</Filter>
    </ClCompile>
    <ClCompile Include="InputManager.cpp">
      <Filter>Source Files\System\Managers\InputManager</Filter>
    </ClCompile>
    <ClCompile Include="KeyboardManager.cpp">
      <Filter>Source Files\System\Managers\InputManager</Filter>
    </ClCompile>
    <ClCompile Include="MouseManager.cpp">
      <Filter>Source Files\System\Managers\InputManager</Filter>
    </ClCompile>
    <ClCompile Include="DrawManager.cpp">
      <Filter>Source Files\System\Managers\DrawManager</Filter>
    </ClCompile>
    <ClCompile Include="AudioManager.cpp">
      <Filter>Source Files\System\Managers\AudioManager</Filter>
    </ClCompile>
    <ClCompile Include="MusicClip.cpp">
      <Filter>Source Files\System\Managers\AudioManager</Filter>
    </ClCompile>
    <ClCompile Include="SoundClip.cpp">
      <Filter>Source Files\System\Managers\AudioManager</Filter>
    </ClCompile>
    <ClCompile Include="EngineEntry.cpp">
      <Filter>Source Files\Engine</Filter>
    </ClCompile>
    <ClCompile Include="ErrorLogger.cpp">
      <Filter>Source Files\Engine</Filter>
    </ClCompile>
    <ClCompile Include="T2Engine.cpp">
      <Filter>Source Files\Engine</Filter>
    </ClCompile>
    <ClCompile Include="TextManager.cpp">
      <Filter>Source Files\System\Managers\TextManager</Filter>
    </ClCompile>
    <ClCompile Include="CollisionManager.cpp">
      <Filter>Source Files\System\Managers\CollisionManager</Filter>
    </ClCompile>
    <ClCompile Include="Timer.cpp">
      <Filter>Source Files\System\Tools</Filter>
    </ClCompile>
    <ClCompile Include="Sprite.cpp">
      <Filter>Source Files\System\Managers\DrawManager</Filter>
    </ClCompile>
    <ClCompile Include="IDrawable.cpp">
      <Filter>Source Files\System\Components</Filter>
    </ClCompile>
    <ClCompile Include="Collision.cpp">
      <Filter>Source Files\System\Components</Filter>
    </ClCompile>
    <ClCompile Include="Collider.cpp">
      <Filter>Source Files\System\Managers\CollisionManager</Filter>
    </ClCompile>
    <ClCompile Include="IObject.cpp">
      <Filter>Source Files\System\Components</Filter>
    </ClCompile>
    <ClCompile Include="Object.cpp">
      <Filter>Source Files\System\Objects</Filter>
    </ClCompile>
    <ClCompile Include="Entity.cpp">
      <Filter>Source Files\System\Objects</Filter>
    </ClCompile>
    <ClCompile Include="ObjectPool.cpp">
      <Filter>Source Files\System\Tools</Filter>
    </ClCompile>
    <ClCompile Include="AFactory.cpp">
      <Filter>Source Files\System\Managers\FactoryManager</Filter>
    </ClCompile>
    <ClCompile Include="FactoryManager.cpp">
      <Filter>Source Files\System\Managers\FactoryManager</Filter>
    </ClCompile>
    <ClCompile Include="UI_ButtonManager.cpp">
      <Filter>Source Files\System\Managers\UIManager</Filter>
    </ClCompile>
    <ClCompile Include="UI_Button.cpp">
      <Filter>Source Files\System\Managers\UIManager\UIComponents</Filter>
    </ClCompile>
    <ClCompile Include="AbstractState.cpp">
      <Filter>Source Files\System\Managers\StateManager</Filter>
    </ClCompile>
    <ClCompile Include="StateManager.cpp">
      <Filter>Source Files\System\Managers\StateManager</Filter>
    </ClCompile>
  </ItemGroup>
  <ItemGroup>
    <ClInclude Include="StaticIncluder.h">
      <Filter>Header Files\Engine</Filter>
    </ClInclude>
    <ClInclude Include="EngineApplication.h">
      <Filter>Header Files\Engine</Filter>
    </ClInclude>
    <ClInclude Include="InputManager.h">
      <Filter>Header Files\System\Managers\InputManager</Filter>
    </ClInclude>
    <ClInclude Include="KeyboardManager.h">
      <Filter>Header Files\System\Managers\InputManager</Filter>
    </ClInclude>
    <ClInclude Include="MouseManager.h">
      <Filter>Header Files\System\Managers\InputManager</Filter>
    </ClInclude>
    <ClInclude Include="DrawManager.h">
      <Filter>Header Files\System\Managers\DrawManager</Filter>
    </ClInclude>
    <ClInclude Include="AudioManager.h">
      <Filter>Header Files\System\Managers\AudioManager</Filter>
    </ClInclude>
    <ClInclude Include="MusicClip.h">
      <Filter>Header Files\System\Managers\AudioManager</Filter>
    </ClInclude>
    <ClInclude Include="SoundClip.h">
      <Filter>Header Files\System\Managers\AudioManager</Filter>
    </ClInclude>
    <ClInclude Include="TextManager.h">
      <Filter>Header Files\System\Managers\TextManager</Filter>
    </ClInclude>
    <ClInclude Include="CollisionManager.h">
      <Filter>Header Files\System\Managers\CollisionManager</Filter>
    </ClInclude>
    <ClInclude Include="Timer.h">
      <Filter>Header Files\System\Tools</Filter>
    </ClInclude>
    <ClInclude Include="ServiceLocator.h">
      <Filter>Header Files\System\Tools</Filter>
    </ClInclude>
    <ClInclude Include="ErrorLogger.h">
      <Filter>Header Files\System\Tools</Filter>
    </ClInclude>
    <ClInclude Include="Transform.h">
      <Filter>Header Files\System\Components</Filter>
    </ClInclude>
    <ClInclude Include="Sprite.h">
      <Filter>Header Files\System\Managers\DrawManager</Filter>
    </ClInclude>
    <ClInclude Include="Collision.h">
      <Filter>Header Files\System\Components</Filter>
    </ClInclude>
    <ClInclude Include="Collider.h">
      <Filter>Header Files\System\Managers\CollisionManager</Filter>
    </ClInclude>
    <ClInclude Include="IDrawable.h">
      <Filter>Header Files\System\Components</Filter>
    </ClInclude>
    <ClInclude Include="IObject.h">
      <Filter>Header Files\System\Components</Filter>
    </ClInclude>
    <ClInclude Include="Object.h">
      <Filter>Header Files\System\Objects</Filter>
    </ClInclude>
    <ClInclude Include="Entity.h">
      <Filter>Header Files\System\Objects</Filter>
    </ClInclude>
    <ClInclude Include="ObjectPool.h">
      <Filter>Header Files\System\Tools</Filter>
    </ClInclude>
    <ClInclude Include="FactoryManager.h">
      <Filter>Header Files\System\Managers\FactoryManager</Filter>
    </ClInclude>
    <ClInclude Include="AFactory.h">
      <Filter>Header Files\System\Managers\FactoryManager</Filter>
    </ClInclude>
    <ClInclude Include="UI_ButtonManager.h">
      <Filter>Header Files\System\Managers\UIManager</Filter>
    </ClInclude>
    <ClInclude Include="UI_Button.h">
      <Filter>Header Files\System\Managers\UIManager\UIComponents</Filter>
    </ClInclude>
    <ClInclude Include="AbstractState.h">
      <Filter>Header Files\System\Managers\StateManager</Filter>
    </ClInclude>
    <ClInclude Include="StateManager.h">
      <Filter>Header Files\System\Managers\StateManager</Filter>
    </ClInclude>
  </ItemGroup>
</Project>